
Microsoft Visual Studio Solution File, Format Version 12.00
# Visual Studio Version 17
VisualStudioVersion = 17.3.32922.545
MinimumVisualStudioVersion = 10.0.40219.1
Project("{FAE04EC0-301F-11D3-BF4B-00C04F79EFBC}") = "UI", "UI\UI.csproj", "{32B1C999-EB5D-4BF1-9E2D-100A47CF6B3D}"
EndProject
Project("{FAE04EC0-301F-11D3-BF4B-00C04F79EFBC}") = "EL", "EL\EL.csproj", "{20C7136B-B3FD-49BC-8F52-605F19FF3714}"
EndProject
Project("{FAE04EC0-301F-11D3-BF4B-00C04F79EFBC}") = "DAL", "DAL\DAL.csproj", "{7AC7601D-A8FC-4870-A630-5D6197F78C38}"
EndProject
Project("{FAE04EC0-301F-11D3-BF4B-00C04F79EFBC}") = "BLL", "BLL\BLL.csproj", "{533381AE-02A3-4733-878F-022488E1AE79}"
EndProject
Global
	GlobalSection(SolutionConfigurationPlatforms) = preSolution
		Debug|Any CPU = Debug|Any CPU
		Release|Any CPU = Release|Any CPU
	EndGlobalSection
	GlobalSection(ProjectConfigurationPlatforms) = postSolution
		{32B1C999-EB5D-4BF1-9E2D-100A47CF6B3D}.Debug|Any CPU.ActiveCfg = Debug|Any CPU
		{32B1C999-EB5D-4BF1-9E2D-100A47CF6B3D}.Debug|Any CPU.Build.0 = Debug|Any CPU
		{32B1C999-EB5D-4BF1-9E2D-100A47CF6B3D}.Release|Any CPU.ActiveCfg = Release|Any CPU
		{32B1C999-EB5D-4BF1-9E2D-100A47CF6B3D}.Release|Any CPU.Build.0 = Release|Any CPU
		{20C7136B-B3FD-49BC-8F52-605F19FF3714}.Debug|Any CPU.ActiveCfg = Debug|Any CPU
		{20C7136B-B3FD-49BC-8F52-605F19FF3714}.Debug|Any CPU.Build.0 = Debug|Any CPU
		{20C7136B-B3FD-49BC-8F52-605F19FF3714}.Release|Any CPU.ActiveCfg = Release|Any CPU
		{20C7136B-B3FD-49BC-8F52-605F19FF3714}.Release|Any CPU.Build.0 = Release|Any CPU
		{7AC7601D-A8FC-4870-A630-5D6197F78C38}.Debug|Any CPU.ActiveCfg = Debug|Any CPU
		{7AC7601D-A8FC-4870-A630-5D6197F78C38}.Debug|Any CPU.Build.0 = Debug|Any CPU
		{7AC7601D-A8FC-4870-A630-5D6197F78C38}.Release|Any CPU.ActiveCfg = Release|Any CPU
		{7AC7601D-A8FC-4870-A630-5D6197F78C38}.Release|Any CPU.Build.0 = Release|Any CPU
		{533381AE-02A3-4733-878F-022488E1AE79}.Debug|Any CPU.ActiveCfg = Debug|Any CPU
		{533381AE-02A3-4733-878F-022488E1AE79}.Debug|Any CPU.Build.0 = Debug|Any CPU
		{533381AE-02A3-4733-878F-022488E1AE79}.Release|Any CPU.ActiveCfg = Release|Any CPU
		{533381AE-02A3-4733-878F-022488E1AE79}.Release|Any CPU.Build.0 = Release|Any CPU
	EndGlobalSection
	GlobalSection(SolutionProperties) = preSolution
		HideSolutionNode = FALSE
	EndGlobalSection
	GlobalSection(ExtensibilityGlobals) = postSolution
		SolutionGuid = {0E728CF6-F24F-47A6-957D-82E5D9B1D6AD}
	EndGlobalSection
EndGlobal
